{
  "name": "solidity-hashmap",
  "version": "0.3.1",
  "lockfileVersion": 2,
  "requires": true,
  "packages": {
    "": {
      "name": "solidity-hashmap",
      "version": "0.1.3",
      "license": "Unlicense",
      "devDependencies": {
        "markdown-table": "^3.0.3"
      }
    },
    "node_modules/markdown-table": {
      "version": "3.0.3",
      "resolved": "https://registry.npmjs.org/markdown-table/-/markdown-table-3.0.3.tgz",
      "integrity": "sha512-Z1NL3Tb1M9wH4XESsCDEksWoKTdlUafKc4pt0GRwjUyXaCFZ+dc3g2erqB6zm3szA2IUSi7VnPI+o/9jnxh9hw==",
      "dev": true,
      "funding": {
        "type": "github",
        "url": "https://github.com/sponsors/wooorm"
      }
    }
  },
  "dependencies": {
    "markdown-table": {
      "version": "3.0.3",
      "resolved": "https://registry.npmjs.org/markdown-table/-/markdown-table-3.0.3.tgz",
      "integrity": "sha512-Z1NL3Tb1M9wH4XESsCDEksWoKTdlUafKc4pt0GRwjUyXaCFZ+dc3g2erqB6zm3szA2IUSi7VnPI+o/9jnxh9hw==",
      "dev": true
    }
  }
}
